Microsoft Visual Studio Solution File, Format Version 12.00
# Visual Studio Version 17
VisualStudioVersion = 17.5.2.0
MinimumVisualStudioVersion = 10.0.40219.1
Project("{FAE04EC0-301F-11D3-BF4B-00C04F79EFBC}") = "CloudQATests", "CloudQATests\CloudQATests.csproj", "{3FAAED2E-BE3F-8A28-4541-8C234F79412A}"
EndProject
Global
	GlobalSection(SolutionConfigurationPlatforms) = preSolution
		Debug|Any CPU = Debug|Any CPU
		Release|Any CPU = Release|Any CPU
	EndGlobalSection
	GlobalSection(ProjectConfigurationPlatforms) = postSolution
		{3FAAED2E-BE3F-8A28-4541-8C234F79412A}.Debug|Any CPU.ActiveCfg = Debug|Any CPU
		{3FAAED2E-BE3F-8A28-4541-8C234F79412A}.Debug|Any CPU.Build.0 = Debug|Any CPU
		{3FAAED2E-BE3F-8A28-4541-8C234F79412A}.Release|Any CPU.ActiveCfg = Release|Any CPU
		{3FAAED2E-BE3F-8A28-4541-8C234F79412A}.Release|Any CPU.Build.0 = Release|Any CPU
	EndGlobalSection
	GlobalSection(SolutionProperties) = preSolution
		HideSolutionNode = FALSE
	EndGlobalSection
	GlobalSection(ExtensibilityGlobals) = postSolution
		SolutionGuid = {B5F49DA2-8A06-459C-960E-EFF493F069CE}
	EndGlobalSection
EndGlobal
